
Microsoft Visual Studio Solution File, Format Version 12.00
# Visual Studio 15
VisualStudioVersion = 15.0.28010.2041
MinimumVisualStudioVersion = 10.0.40219.1
Project("{8BC9CEB8-8B4A-11D0-8D11-00A0C91BC942}") = "CMPS3013-Project2", "CMPS3013-Project2\CMPS3013-Project2.vcxproj", "{9CF7072E-1A1B-48A6-AACA-7ABA3C931DFB}"
EndProject
Global
	GlobalSection(SolutionConfigurationPlatforms) = preSolution
		Debug|x64 = Debug|x64
		Debug|x86 = Debug|x86
		Release|x64 = Release|x64
		Release|x86 = Release|x86
	EndGlobalSection
	GlobalSection(ProjectConfigurationPlatforms) = postSolution
		{9CF7072E-1A1B-48A6-AACA-7ABA3C931DFB}.Debug|x64.ActiveCfg = Debug|x64
		{9CF7072E-1A1B-48A6-AACA-7ABA3C931DFB}.Debug|x64.Build.0 = Debug|x64
		{9CF7072E-1A1B-48A6-AACA-7ABA3C931DFB}.Debug|x86.ActiveCfg = Debug|Win32
		{9CF7072E-1A1B-48A6-AACA-7ABA3C931DFB}.Debug|x86.Build.0 = Debug|Win32
		{9CF7072E-1A1B-48A6-AACA-7ABA3C931DFB}.Release|x64.ActiveCfg = Release|x64
		{9CF7072E-1A1B-48A6-AACA-7ABA3C931DFB}.Release|x64.Build.0 = Release|x64
		{9CF7072E-1A1B-48A6-AACA-7ABA3C931DFB}.Release|x86.ActiveCfg = Release|Win32
		{9CF7072E-1A1B-48A6-AACA-7ABA3C931DFB}.Release|x86.Build.0 = Release|Win32
	EndGlobalSection
	GlobalSection(SolutionProperties) = preSolution
		HideSolutionNode = FALSE
	EndGlobalSection
	GlobalSection(ExtensibilityGlobals) = postSolution
		SolutionGuid = {3D0A6A98-9796-447E-B834-AA59E5524A2F}
	EndGlobalSection
EndGlobal
