
Microsoft Visual Studio Solution File, Format Version 12.00
# Visual Studio 15
VisualStudioVersion = 15.0.28010.2041
MinimumVisualStudioVersion = 10.0.40219.1
Project("{8BC9CEB8-8B4A-11D0-8D11-00A0C91BC942}") = "CMPS3013-Heap", "CMPS3013-Heap\CMPS3013-Heap.vcxproj", "{45765CEE-6AFB-47C3-B699-0CC9AE9666CC}"
EndProject
Global
	GlobalSection(SolutionConfigurationPlatforms) = preSolution
		Debug|x64 = Debug|x64
		Debug|x86 = Debug|x86
		Release|x64 = Release|x64
		Release|x86 = Release|x86
	EndGlobalSection
	GlobalSection(ProjectConfigurationPlatforms) = postSolution
		{45765CEE-6AFB-47C3-B699-0CC9AE9666CC}.Debug|x64.ActiveCfg = Debug|x64
		{45765CEE-6AFB-47C3-B699-0CC9AE9666CC}.Debug|x64.Build.0 = Debug|x64
		{45765CEE-6AFB-47C3-B699-0CC9AE9666CC}.Debug|x86.ActiveCfg = Debug|Win32
		{45765CEE-6AFB-47C3-B699-0CC9AE9666CC}.Debug|x86.Build.0 = Debug|Win32
		{45765CEE-6AFB-47C3-B699-0CC9AE9666CC}.Release|x64.ActiveCfg = Release|x64
		{45765CEE-6AFB-47C3-B699-0CC9AE9666CC}.Release|x64.Build.0 = Release|x64
		{45765CEE-6AFB-47C3-B699-0CC9AE9666CC}.Release|x86.ActiveCfg = Release|Win32
		{45765CEE-6AFB-47C3-B699-0CC9AE9666CC}.Release|x86.Build.0 = Release|Win32
	EndGlobalSection
	GlobalSection(SolutionProperties) = preSolution
		HideSolutionNode = FALSE
	EndGlobalSection
	GlobalSection(ExtensibilityGlobals) = postSolution
		SolutionGuid = {3E0E82A0-F858-4E73-A152-CB1EF3DF62D8}
	EndGlobalSection
EndGlobal
